
Microsoft Visual Studio Solution File, Format Version 12.00
# Visual Studio Version 16
VisualStudioVersion = 16.0.31424.327
MinimumVisualStudioVersion = 10.0.40219.1
Project("{9A19103F-16F7-4668-BE54-9A1E7A4F7556}") = "BankApi", "BankApi\BankApi.csproj", "{0AFD4437-630A-40E1-9C22-F6BA161603A5}"
EndProject
Project("{9A19103F-16F7-4668-BE54-9A1E7A4F7556}") = "BankDomain", "BankDomain\BankDomain.csproj", "{7CF61C15-97D3-4598-89DC-3124F12B5A32}"
EndProject
Project("{9A19103F-16F7-4668-BE54-9A1E7A4F7556}") = "BankApplication", "BankApplication\BankApplication.csproj", "{1D0C9481-5EC5-447C-9A26-2A2AD9314B3F}"
EndProject
Project("{9A19103F-16F7-4668-BE54-9A1E7A4F7556}") = "BankInfrastructure", "BankInfrastructure\BankInfrastructure.csproj", "{8CC76B5B-5B02-4949-9718-89C1527D73EB}"
EndProject
Global
	GlobalSection(SolutionConfigurationPlatforms) = preSolution
		Debug|Any CPU = Debug|Any CPU
		Release|Any CPU = Release|Any CPU
	EndGlobalSection
	GlobalSection(ProjectConfigurationPlatforms) = postSolution
		{0AFD4437-630A-40E1-9C22-F6BA161603A5}.Debug|Any CPU.ActiveCfg = Debug|Any CPU
		{0AFD4437-630A-40E1-9C22-F6BA161603A5}.Debug|Any CPU.Build.0 = Debug|Any CPU
		{0AFD4437-630A-40E1-9C22-F6BA161603A5}.Release|Any CPU.ActiveCfg = Release|Any CPU
		{0AFD4437-630A-40E1-9C22-F6BA161603A5}.Release|Any CPU.Build.0 = Release|Any CPU
		{7CF61C15-97D3-4598-89DC-3124F12B5A32}.Debug|Any CPU.ActiveCfg = Debug|Any CPU
		{7CF61C15-97D3-4598-89DC-3124F12B5A32}.Debug|Any CPU.Build.0 = Debug|Any CPU
		{7CF61C15-97D3-4598-89DC-3124F12B5A32}.Release|Any CPU.ActiveCfg = Release|Any CPU
		{7CF61C15-97D3-4598-89DC-3124F12B5A32}.Release|Any CPU.Build.0 = Release|Any CPU
		{1D0C9481-5EC5-447C-9A26-2A2AD9314B3F}.Debug|Any CPU.ActiveCfg = Debug|Any CPU
		{1D0C9481-5EC5-447C-9A26-2A2AD9314B3F}.Debug|Any CPU.Build.0 = Debug|Any CPU
		{1D0C9481-5EC5-447C-9A26-2A2AD9314B3F}.Release|Any CPU.ActiveCfg = Release|Any CPU
		{1D0C9481-5EC5-447C-9A26-2A2AD9314B3F}.Release|Any CPU.Build.0 = Release|Any CPU
		{8CC76B5B-5B02-4949-9718-89C1527D73EB}.Debug|Any CPU.ActiveCfg = Debug|Any CPU
		{8CC76B5B-5B02-4949-9718-89C1527D73EB}.Debug|Any CPU.Build.0 = Debug|Any CPU
		{8CC76B5B-5B02-4949-9718-89C1527D73EB}.Release|Any CPU.ActiveCfg = Release|Any CPU
		{8CC76B5B-5B02-4949-9718-89C1527D73EB}.Release|Any CPU.Build.0 = Release|Any CPU
	EndGlobalSection
	GlobalSection(SolutionProperties) = preSolution
		HideSolutionNode = FALSE
	EndGlobalSection
	GlobalSection(ExtensibilityGlobals) = postSolution
		SolutionGuid = {8081D28C-2EF4-4336-B8B2-1B6A7E58BBCC}
	EndGlobalSection
EndGlobal
